
Microsoft Visual Studio Solution File, Format Version 12.00
# Visual Studio 2013
VisualStudioVersion = 12.0.21005.1
MinimumVisualStudioVersion = 10.0.40219.1
Project("{FAE04EC0-301F-11D3-BF4B-00C04F79EFBC}") = "Polygons", "Kursach\Polygons.csproj", "{DFAB7C8F-9A49-4162-9CEB-05E79EE728AA}"
EndProject
Global
	GlobalSection(SolutionConfigurationPlatforms) = preSolution
		Debug|Any CPU = Debug|Any CPU
		Release|Any CPU = Release|Any CPU
	EndGlobalSection
	GlobalSection(ProjectConfigurationPlatforms) = postSolution
		{DFAB7C8F-9A49-4162-9CEB-05E79EE728AA}.Debug|Any CPU.ActiveCfg = Debug|Any CPU
		{DFAB7C8F-9A49-4162-9CEB-05E79EE728AA}.Debug|Any CPU.Build.0 = Debug|Any CPU
		{DFAB7C8F-9A49-4162-9CEB-05E79EE728AA}.Release|Any CPU.ActiveCfg = Release|Any CPU
		{DFAB7C8F-9A49-4162-9CEB-05E79EE728AA}.Release|Any CPU.Build.0 = Release|Any CPU
	EndGlobalSection
	GlobalSection(SolutionProperties) = preSolution
		HideSolutionNode = FALSE
	EndGlobalSection
EndGlobal
