
Microsoft Visual Studio Solution File, Format Version 12.00
# Visual Studio 15
VisualStudioVersion = 15.0.27130.2003
MinimumVisualStudioVersion = 10.0.40219.1
Project("{FAE04EC0-301F-11D3-BF4B-00C04F79EFBC}") = "SmartPocket", "SmartPocket\SmartPocket.csproj", "{4C04CD2F-E6EF-4441-8504-684D4A9E3940}"
EndProject
Global
	GlobalSection(SolutionConfigurationPlatforms) = preSolution
		Debug|Any CPU = Debug|Any CPU
		Release|Any CPU = Release|Any CPU
	EndGlobalSection
	GlobalSection(ProjectConfigurationPlatforms) = postSolution
		{4C04CD2F-E6EF-4441-8504-684D4A9E3940}.Debug|Any CPU.ActiveCfg = Debug|Any CPU
		{4C04CD2F-E6EF-4441-8504-684D4A9E3940}.Debug|Any CPU.Build.0 = Debug|Any CPU
		{4C04CD2F-E6EF-4441-8504-684D4A9E3940}.Release|Any CPU.ActiveCfg = Release|Any CPU
		{4C04CD2F-E6EF-4441-8504-684D4A9E3940}.Release|Any CPU.Build.0 = Release|Any CPU
	EndGlobalSection
	GlobalSection(SolutionProperties) = preSolution
		HideSolutionNode = FALSE
	EndGlobalSection
	GlobalSection(ExtensibilityGlobals) = postSolution
		SolutionGuid = {49DAD5A4-4124-4DFB-A007-AAE26AAC77DB}
	EndGlobalSection
EndGlobal
